
Microsoft Visual Studio Solution File, Format Version 12.00
# Visual Studio Version 16
VisualStudioVersion = 16.0.29519.181
MinimumVisualStudioVersion = 10.0.40219.1
Project("{FAE04EC0-301F-11D3-BF4B-00C04F79EFBC}") = "DataBasTest", "DataBasTest\DataBasTest.csproj", "{F1A9D903-6C85-46C6-9231-47C96A45725A}"
EndProject
Global
	GlobalSection(SolutionConfigurationPlatforms) = preSolution
		Debug|Any CPU = Debug|Any CPU
		Release|Any CPU = Release|Any CPU
	EndGlobalSection
	GlobalSection(ProjectConfigurationPlatforms) = postSolution
		{F1A9D903-6C85-46C6-9231-47C96A45725A}.Debug|Any CPU.ActiveCfg = Debug|Any CPU
		{F1A9D903-6C85-46C6-9231-47C96A45725A}.Debug|Any CPU.Build.0 = Debug|Any CPU
		{F1A9D903-6C85-46C6-9231-47C96A45725A}.Release|Any CPU.ActiveCfg = Release|Any CPU
		{F1A9D903-6C85-46C6-9231-47C96A45725A}.Release|Any CPU.Build.0 = Release|Any CPU
	EndGlobalSection
	GlobalSection(SolutionProperties) = preSolution
		HideSolutionNode = FALSE
	EndGlobalSection
	GlobalSection(ExtensibilityGlobals) = postSolution
		SolutionGuid = {8161445C-8D95-4D08-BCA7-E80F7BDF498A}
	EndGlobalSection
EndGlobal
